{
    "_meta": {
        "hash": {
            "sha256": "f2f9f6da4c4d62270b81c6ee82a2c029f5cb951580b7bcae4436fc8ecd25338e"
        },
        "pipfile-spec": 6,
        "requires": {
            "python_version": "3.9"
        },
        "sources": [
            {
                "name": "pypi",
                "url": "https://pypi.org/simple",
                "verify_ssl": true
            }
        ]
    },
    "default": {
        "colorama": {
            "hashes": [
                "sha256:854bf444933e37f5824ae7bfc1e98d5bce2ebe4160d46b5edf346a89358e99da",
                "sha256:e6c6b4334fc50988a639d9b98aa429a0b57da6e17b9a44f0451f930b6967b7a4"
            ],
            "markers": "python_version >= '2.7' and python_version not in '3.0, 3.1, 3.2, 3.3, 3.4'",
            "version": "==0.4.5"
        },
        "dill": {
            "hashes": [
                "sha256:33501d03270bbe410c72639b350e941882a8b0fd55357580fbc873fba0c59302",
                "sha256:d75e41f3eff1eee599d738e76ba8f4ad98ea229db8b085318aa2b3333a208c86"
            ],
            "markers": "python_version >= '2.7' and python_version not in '3.0, 3.1, 3.2, 3.3, 3.4, 3.5, 3.6'",
            "version": "==0.3.5.1"
        },
        "numpy": {
            "hashes": [
                "sha256:03d5111e85d6371ffc3678824542a8df69ea206f16f83de76ac10231d40c006b",
                "sha256:33aa550e001817c8075c56a3b350fb3687cba66ee55dfbb09085d0d0fd63f6e9",
                "sha256:3947ff9ea7f50d44a0c278fb9c9b43109e6b2e02273b4b3341f3eea9fe31cc76",
                "sha256:5716acbd372407b046d168228217533d48f46b1fb76a788a01ce7b446d85e054",
                "sha256:65ac805918a4793aa50a0f366f0a31aa67e85a3e9a28fbdc49bec076ea9d59dd",
                "sha256:68d6f3794c78b37faf015c9d60207aaf156edfaf96b1d8c01a2694953b979b8f",
                "sha256:6a8fc5573cc8cb8108cec555bca5745d2798c54eef107d478b4320c1f6542102",
                "sha256:849e7aa12c1df7e9f26d1936029710bb6050bc31c9cc9772d83c30e3fc7cf8e9",
                "sha256:8635887a615e8d3cf0ce35c401b30ccf7818eb58c9ac282561b2363d85729150",
                "sha256:87fd874392c7f8ee23829b4ac6737b19a20aeff2418169afc3e6da00c0e23bc1",
                "sha256:a0be42a51fbb6087049dfa9b036568e9674a25fb4615f2bf60f189f435691aa4",
                "sha256:b757b22fab2a3ff1f41d0f2cb69bed337eda211db7a2c981b3f93180e4aa68ea",
                "sha256:bc58787ee33ff7828be36b656b08ddaefb7b24339aacd2e21fb28fc49b44008c",
                "sha256:c3237a338d59e271145e9773020b49dfb77314b749bde67783c45d946346a13f",
                "sha256:ca12e7773b4f76addf2f91dad61307426f9c1fdf8da5c00b49080af56a9eeff8",
                "sha256:da170cde43519e5490a1887898719e881575d0f0924ef35fe66d990246db6f0e",
                "sha256:db5a2b42d09cc0661fec75b4e3daabff91a4858e67ee106fb793ebcd02ebd7b6",
                "sha256:e9ad17a823c106dbed8675f4d831381fe99e9df9945485792d8762c186259dcd",
                "sha256:f159357529470285dff46e69d97e3c9694b0bd75229e4592edb02f8b812c7a4c",
                "sha256:f403bea354d3c892ab1da29ab9d14d51149491a32731b32a94608e3dcd514533",
                "sha256:fae0b80e6b85e3a72a8f7dab8af91199da31b6d0d86fab36529945f23f806d35",
                "sha256:fd999d0b503dce88fd97153986c3970154c965cfd1c9835f610e89f0dda3bda3"
            ],
            "index": "pypi",
            "version": "==1.23.0rc3"
        },
        "pillow": {
            "hashes": [
                "sha256:088df396b047477dd1bbc7de6e22f58400dae2f21310d9e2ec2933b2ef7dfa4f",
                "sha256:09e67ef6e430f90caa093528bd758b0616f8165e57ed8d8ce014ae32df6a831d",
                "sha256:0b4d5ad2cd3a1f0d1df882d926b37dbb2ab6c823ae21d041b46910c8f8cd844b",
                "sha256:0b525a356680022b0af53385944026d3486fc8c013638cf9900eb87c866afb4c",
                "sha256:1d4331aeb12f6b3791911a6da82de72257a99ad99726ed6b63f481c0184b6fb9",
                "sha256:20d514c989fa28e73a5adbddd7a171afa5824710d0ab06d4e1234195d2a2e546",
                "sha256:2b291cab8a888658d72b575a03e340509b6b050b62db1f5539dd5cd18fd50578",
                "sha256:3f6c1716c473ebd1649663bf3b42702d0d53e27af8b64642be0dd3598c761fb1",
                "sha256:42dfefbef90eb67c10c45a73a9bc1599d4dac920f7dfcbf4ec6b80cb620757fe",
                "sha256:488f3383cf5159907d48d32957ac6f9ea85ccdcc296c14eca1a4e396ecc32098",
                "sha256:4d45dbe4b21a9679c3e8b3f7f4f42a45a7d3ddff8a4a16109dff0e1da30a35b2",
                "sha256:53c27bd452e0f1bc4bfed07ceb235663a1df7c74df08e37fd6b03eb89454946a",
                "sha256:55e74faf8359ddda43fee01bffbc5bd99d96ea508d8a08c527099e84eb708f45",
                "sha256:59789a7d06c742e9d13b883d5e3569188c16acb02eeed2510fd3bfdbc1bd1530",
                "sha256:5b650dbbc0969a4e226d98a0b440c2f07a850896aed9266b6fedc0f7e7834108",
                "sha256:66daa16952d5bf0c9d5389c5e9df562922a59bd16d77e2a276e575d32e38afd1",
                "sha256:6e760cf01259a1c0a50f3c845f9cad1af30577fd8b670339b1659c6d0e7a41dd",
                "sha256:7502539939b53d7565f3d11d87c78e7ec900d3c72945d4ee0e2f250d598309a0",
                "sha256:769a7f131a2f43752455cc72f9f7a093c3ff3856bf976c5fb53a59d0ccc704f6",
                "sha256:7c150dbbb4a94ea4825d1e5f2c5501af7141ea95825fadd7829f9b11c97aaf6c",
                "sha256:8844217cdf66eabe39567118f229e275f0727e9195635a15e0e4b9227458daaf",
                "sha256:8a66fe50386162df2da701b3722781cbe90ce043e7d53c1fd6bd801bca6b48d4",
                "sha256:9370d6744d379f2de5d7fa95cdbd3a4d92f0b0ef29609b4b1687f16bc197063d",
                "sha256:937a54e5694684f74dcbf6e24cc453bfc5b33940216ddd8f4cd8f0f79167f765",
                "sha256:9c857532c719fb30fafabd2371ce9b7031812ff3889d75273827633bca0c4602",
                "sha256:a4165205a13b16a29e1ac57efeee6be2dfd5b5408122d59ef2145bc3239fa340",
                "sha256:b3fe2ff1e1715d4475d7e2c3e8dabd7c025f4410f79513b4ff2de3d51ce0fa9c",
                "sha256:b6617221ff08fbd3b7a811950b5c3f9367f6e941b86259843eab77c8e3d2b56b",
                "sha256:b761727ed7d593e49671d1827044b942dd2f4caae6e51bab144d4accf8244a84",
                "sha256:baf3be0b9446a4083cc0c5bb9f9c964034be5374b5bc09757be89f5d2fa247b8",
                "sha256:c17770a62a71718a74b7548098a74cd6880be16bcfff5f937f900ead90ca8e92",
                "sha256:c67db410508b9de9c4694c57ed754b65a460e4812126e87f5052ecf23a011a54",
                "sha256:d78ca526a559fb84faaaf84da2dd4addef5edb109db8b81677c0bb1aad342601",
                "sha256:e9ed59d1b6ee837f4515b9584f3d26cf0388b742a11ecdae0d9237a94505d03a",
                "sha256:f054b020c4d7e9786ae0404278ea318768eb123403b18453e28e47cdb7a0a4bf",
                "sha256:f372d0f08eff1475ef426344efe42493f71f377ec52237bf153c5713de987251",
                "sha256:f3f6a6034140e9e17e9abc175fc7a266a6e63652028e157750bd98e804a8ed9a",
                "sha256:ffde4c6fabb52891d81606411cbfaf77756e3b561b566efd270b3ed3791fde4e"
            ],
            "index": "pypi",
            "version": "==9.1.1"
        },
        "sourceinspect": {
            "hashes": [
                "sha256:a33fabe25dfced4ed949ceb3312824579456a1faa0ae85b6a78887775c4bb4b9"
            ],
            "markers": "python_version >= '3.6'",
            "version": "==0.0.4"
        },
        "taichi": {
            "hashes": [
                "sha256:10267eb3ab678244272a1821906f19fef5fc3faa72c87d0a5ecfc8352323af31",
                "sha256:19a4c7d6aff4f6fe8a3becec2d09982fa140ac3f938aed8a6bacf0ffedd424f1",
                "sha256:1a964d1c0484745ddb405d1fa4f8bd81f4b7420e799c22e17fe332d227696e1c",
                "sha256:1fdc824fa2d89f7281eeed194143c36f4aec381ae3b293539862c6732bcfc4d0",
                "sha256:27581cd4f6091e31c67f6196923d2181a0f5b18f46b70f9f2ac18c31b8c39fca",
                "sha256:29820e68ddad849f9ac989ed77eedcc9a3b93149fc18b889acf5a1f10ea9bfe2",
                "sha256:2ee6202efe5ed6c5b4e0d7919081a12b10922c12250f7a248e458ef9062488e3",
                "sha256:370d2f09afaa97b85fff74f6cca657f1e54e6944c0294dde14f024fc1bc9d9ad",
                "sha256:3b61ed6c756ad03f492e4c7f7dea3e49910b03d9a6b9ca47799efb61b2f84e8f",
                "sha256:3b95fe2dee89af5c00ced7cb74f789828baeef82c3cbe66960d9e3142ade7665",
                "sha256:42a63ec1770925333c6cdb817ff125ad770f93191d70cad9fb2a34a7fda7d86d",
                "sha256:52156d1e5e3fbb261dd96ea3458049c35bebec5e330e4ed83a3a4cb699ee45f1",
                "sha256:545b18fbd1479a5474559627125c00503a77ed134ae5fbd14067bb63f0006187",
                "sha256:6e4d9bcfa23f7597e1ba58e4677c623e72df9c349d23f94b5424435545b5780b",
                "sha256:8f379eb00389425901f52995db0684e90cbfe7365a736f0118945a6ac7d4ac0d",
                "sha256:996e7d77731d0eb565122ba899b7cdcb886e21457ada999859ce944b48c756c6",
                "sha256:9eff9478e64c2f9efbe50913a062195b6685f7e9b12cec6c41d7154287bdfe8a",
                "sha256:a83bb32be4bf0ecc1febe5301f6468f6e7652c20762133e71aa4b1aab71b39c6",
                "sha256:b77715d559e92027fa948742a75dc0ef4e9596b5f9f2699d287ed2fbf05a7639",
                "sha256:cc7133999978f12a796e0ab708099fad5ad0754bcf2f0f09279979965746f91e",
                "sha256:cd18d646b849d22ff31f5bd57577f58fe7b35efd94b31004920a9fede6e2758c",
                "sha256:d72453233731706a706b56c21fba06f4dfa274b2a9ca24b00f1010ab895f8abd",
                "sha256:d9f259a336f3b59671097957d9260796218571ba6e6539845cddc45c13a950f6",
                "sha256:e00d8f8878feee5113de0d8308fe95358cbd50938f5b02609d9c77b8fe7c1649",
                "sha256:eb71a29d38ee06be19de4cd7e70b61a412277c22f5814a93f0d33b193ae56e91",
                "sha256:ed945fab6daed89b7f385a1fee70cfe47bbe022d2479920c0dcff7497af0599f",
                "sha256:f1c61076464607200511d562bf78f72610cc7f11e3c6262fd572448c4d21f60a",
                "sha256:fef67ffff71d5ac071259a88ce57e8f1e215929fcb82e6853cdbef9b6e753a24"
            ],
            "index": "pypi",
            "version": "==1.0.3"
        }
    },
    "develop": {
        "black": {
            "hashes": [
                "sha256:06f9d8846f2340dfac80ceb20200ea5d1b3f181dd0556b47af4e8e0b24fa0a6b",
                "sha256:10dbe6e6d2988049b4655b2b739f98785a884d4d6b85bc35133a8fb9a2233176",
                "sha256:2497f9c2386572e28921fa8bec7be3e51de6801f7459dffd6e62492531c47e09",
                "sha256:30d78ba6bf080eeaf0b7b875d924b15cd46fec5fd044ddfbad38c8ea9171043a",
                "sha256:328efc0cc70ccb23429d6be184a15ce613f676bdfc85e5fe8ea2a9354b4e9015",
                "sha256:35020b8886c022ced9282b51b5a875b6d1ab0c387b31a065b84db7c33085ca79",
                "sha256:5795a0375eb87bfe902e80e0c8cfaedf8af4d49694d69161e5bd3206c18618bb",
                "sha256:5891ef8abc06576985de8fa88e95ab70641de6c1fca97e2a15820a9b69e51b20",
                "sha256:637a4014c63fbf42a692d22b55d8ad6968a946b4a6ebc385c5505d9625b6a464",
                "sha256:67c8301ec94e3bcc8906740fe071391bce40a862b7be0b86fb5382beefecd968",
                "sha256:6d2fc92002d44746d3e7db7cf9313cf4452f43e9ea77a2c939defce3b10b5c82",
                "sha256:6ee227b696ca60dd1c507be80a6bc849a5a6ab57ac7352aad1ffec9e8b805f21",
                "sha256:863714200ada56cbc366dc9ae5291ceb936573155f8bf8e9de92aef51f3ad0f0",
                "sha256:9b542ced1ec0ceeff5b37d69838106a6348e60db7b8fdd245294dc1d26136265",
                "sha256:a6342964b43a99dbc72f72812bf88cad8f0217ae9acb47c0d4f141a6416d2d7b",
                "sha256:ad4efa5fad66b903b4a5f96d91461d90b9507a812b3c5de657d544215bb7877a",
                "sha256:bc58025940a896d7e5356952228b68f793cf5fcb342be703c3a2669a1488cb72",
                "sha256:cc1e1de68c8e5444e8f94c3670bb48a2beef0e91dddfd4fcc29595ebd90bb9ce",
                "sha256:cee3e11161dde1b2a33a904b850b0899e0424cc331b7295f2a9698e79f9a69a0",
                "sha256:e3556168e2e5c49629f7b0f377070240bd5511e45e25a4497bb0073d9dda776a",
                "sha256:e8477ec6bbfe0312c128e74644ac8a02ca06bcdb8982d4ee06f209be28cdf163",
                "sha256:ee8f1f7228cce7dffc2b464f07ce769f478968bfb3dd1254a4c2eeed84928aad",
                "sha256:fd57160949179ec517d32ac2ac898b5f20d68ed1a9c977346efbac9c2f1e779d"
            ],
            "index": "pypi",
            "version": "==22.3.0"
        },
        "click": {
            "hashes": [
                "sha256:7682dc8afb30297001674575ea00d1814d808d6a36af415a82bd481d37ba7b8e",
                "sha256:bb4d8133cb15a609f44e8213d9b391b0809795062913b383c62be0ee95b1db48"
            ],
            "markers": "python_version >= '3.7'",
            "version": "==8.1.3"
        },
        "flake8": {
            "hashes": [
                "sha256:479b1304f72536a55948cb40a32dce8bb0ffe3501e26eaf292c7e60eb5e0428d",
                "sha256:806e034dda44114815e23c16ef92f95c91e4c71100ff52813adf7132a6ad870d"
            ],
            "index": "pypi",
            "version": "==4.0.1"
        },
        "mccabe": {
            "hashes": [
                "sha256:ab8a6258860da4b6677da4bd2fe5dc2c659cff31b3ee4f7f5d64e79735b80d42",
                "sha256:dd8d182285a0fe56bace7f45b5e7d1a6ebcbf524e8f3bd87eb0f125271b8831f"
            ],
            "version": "==0.6.1"
        },
        "mypy": {
            "hashes": [
                "sha256:006be38474216b833eca29ff6b73e143386f352e10e9c2fbe76aa8549e5554f5",
                "sha256:03c6cc893e7563e7b2949b969e63f02c000b32502a1b4d1314cabe391aa87d66",
                "sha256:0e9f70df36405c25cc530a86eeda1e0867863d9471fe76d1273c783df3d35c2e",
                "sha256:1ece702f29270ec6af25db8cf6185c04c02311c6bb21a69f423d40e527b75c56",
                "sha256:3e09f1f983a71d0672bbc97ae33ee3709d10c779beb613febc36805a6e28bb4e",
                "sha256:439c726a3b3da7ca84a0199a8ab444cd8896d95012c4a6c4a0d808e3147abf5d",
                "sha256:5a0b53747f713f490affdceef835d8f0cb7285187a6a44c33821b6d1f46ed813",
                "sha256:5f1332964963d4832a94bebc10f13d3279be3ce8f6c64da563d6ee6e2eeda932",
                "sha256:63e85a03770ebf403291ec50097954cc5caf2a9205c888ce3a61bd3f82e17569",
                "sha256:64759a273d590040a592e0f4186539858c948302c653c2eac840c7a3cd29e51b",
                "sha256:697540876638ce349b01b6786bc6094ccdaba88af446a9abb967293ce6eaa2b0",
                "sha256:9940e6916ed9371809b35b2154baf1f684acba935cd09928952310fbddaba648",
                "sha256:9f5f5a74085d9a81a1f9c78081d60a0040c3efb3f28e5c9912b900adf59a16e6",
                "sha256:a5ea0875a049de1b63b972456542f04643daf320d27dc592d7c3d9cd5d9bf950",
                "sha256:b117650592e1782819829605a193360a08aa99f1fc23d1d71e1a75a142dc7e15",
                "sha256:b24be97351084b11582fef18d79004b3e4db572219deee0212078f7cf6352723",
                "sha256:b88f784e9e35dcaa075519096dc947a388319cb86811b6af621e3523980f1c8a",
                "sha256:bdd5ca340beffb8c44cb9dc26697628d1b88c6bddf5c2f6eb308c46f269bb6f3",
                "sha256:d5aaf1edaa7692490f72bdb9fbd941fbf2e201713523bdb3f4038be0af8846c6",
                "sha256:e999229b9f3198c0c880d5e269f9f8129c8862451ce53a011326cad38b9ccd24",
                "sha256:f4a21d01fc0ba4e31d82f0fff195682e29f9401a8bdb7173891070eb260aeb3b",
                "sha256:f4b794db44168a4fc886e3450201365c9526a522c46ba089b55e1f11c163750d",
                "sha256:f730d56cb924d371c26b8eaddeea3cc07d78ff51c521c6d04899ac6904b75492"
            ],
            "index": "pypi",
            "version": "==0.961"
        },
        "mypy-extensions": {
            "hashes": [
                "sha256:090fedd75945a69ae91ce1303b5824f428daf5a028d2f6ab8a299250a846f15d",
                "sha256:2d82818f5bb3e369420cb3c4060a7970edba416647068eb4c5343488a6c604a8"
            ],
            "version": "==0.4.3"
        },
        "pathspec": {
            "hashes": [
                "sha256:7d15c4ddb0b5c802d161efc417ec1a2558ea2653c2e8ad9c19098201dc1c993a",
                "sha256:e564499435a2673d586f6b2130bb5b95f04a3ba06f81b8f895b651a3c76aabb1"
            ],
            "version": "==0.9.0"
        },
        "platformdirs": {
            "hashes": [
                "sha256:027d8e83a2d7de06bbac4e5ef7e023c02b863d7ea5d079477e722bb41ab25788",
                "sha256:58c8abb07dcb441e6ee4b11d8df0ac856038f944ab98b7be6b27b2a3c7feef19"
            ],
            "markers": "python_version >= '3.7'",
            "version": "==2.5.2"
        },
        "pycodestyle": {
            "hashes": [
                "sha256:720f8b39dde8b293825e7ff02c475f3077124006db4f440dcbc9a20b76548a20",
                "sha256:eddd5847ef438ea1c7870ca7eb78a9d47ce0cdb4851a5523949f2601d0cbbe7f"
            ],
            "markers": "python_version >= '2.7' and python_version not in '3.0, 3.1, 3.2, 3.3, 3.4'",
            "version": "==2.8.0"
        },
        "pyflakes": {
            "hashes": [
                "sha256:05a85c2872edf37a4ed30b0cce2f6093e1d0581f8c19d7393122da7e25b2b24c",
                "sha256:3bb3a3f256f4b7968c9c788781e4ff07dce46bdf12339dcda61053375426ee2e"
            ],
            "markers": "python_version >= '2.7' and python_version not in '3.0, 3.1, 3.2, 3.3'",
            "version": "==2.4.0"
        },
        "tomli": {
            "hashes": [
                "sha256:939de3e7a6161af0c887ef91b7d41a53e7c5a1ca976325f429cb46ea9bc30ecc",
                "sha256:de526c12914f0c550d15924c62d72abc48d6fe7364aa87328337a31007fe8a4f"
            ],
            "markers": "python_version < '3.11'",
            "version": "==2.0.1"
        },
        "typing-extensions": {
            "hashes": [
                "sha256:6657594ee297170d19f67d55c05852a874e7eb634f4f753dbd667855e07c1708",
                "sha256:f1c24655a0da0d1b67f07e17a5e6b2a105894e6824b92096378bb3668ef02376"
            ],
            "markers": "python_version < '3.10'",
            "version": "==4.2.0"
        }
    }
}
